// !$*UTF8*$!
{
	archiveVersion = 1;
	classes = {
	};
	objectVersion = 46;
	objects = {

/* Begin PBXBuildFile section */
		3FAF68F91BE76B9E00FC35B3 /* main.m in Sources */ = {isa = PBXBuildFile; fileRef = 3FAF68F81BE76B9E00FC35B3 /* main.m */; };
		3FAF68FC1BE76B9E00FC35B3 /* AppDelegate.m in Sources */ = {isa = PBXBuildFile; fileRef = 3FAF68FB1BE76B9E00FC35B3 /* AppDelegate.m */; };
		3FAF69021BE76B9E00FC35B3 /* Main.storyboard in Resources */ = {isa = PBXBuildFile; fileRef = 3FAF69001BE76B9E00FC35B3 /* Main.storyboard */; };
		3FAF69041BE76B9E00FC35B3 /* Assets.xcassets in Resources */ = {isa = PBXBuildFile; fileRef = 3FAF69031BE76B9E00FC35B3 /* Assets.xcassets */; };
		3FAF69071BE76B9E00FC35B3 /* LaunchScreen.storyboard in Resources */ = {isa = PBXBuildFile; fileRef = 3FAF69051BE76B9E00FC35B3 /* LaunchScreen.storyboard */; };
		3FAF69101BE76BC500FC35B3 /* RootViewController.m in Sources */ = {isa = PBXBuildFile; fileRef = 3FAF690F1BE76BC500FC35B3 /* RootViewController.m */; };
		3FAF69161BE7732300FC35B3 /* JDGuideView.m in Sources */ = {isa = PBXBuildFile; fileRef = 3FAF69151BE7732300FC35B3 /* JDGuideView.m */; };
		3FAF691B1BE77DAF00FC35B3 /* navigationPic01.png in Resources */ = {isa = PBXBuildFile; fileRef = 3FAF69171BE77DAF00FC35B3 /* navigationPic01.png */; };
		3FAF691C1BE77DAF00FC35B3 /* navigationPic02.png in Resources */ = {isa = PBXBuildFile; fileRef = 3FAF69181BE77DAF00FC35B3 /* navigationPic02.png */; };
		3FAF691D1BE77DAF00FC35B3 /* navigationPic03.png in Resources */ = {isa = PBXBuildFile; fileRef = 3FAF69191BE77DAF00FC35B3 /* navigationPic03.png */; };
		3FAF691E1BE77DAF00FC35B3 /* navigationPic04.png in Resources */ = {isa = PBXBuildFile; fileRef = 3FAF691A1BE77DAF00FC35B3 /* navigationPic04.png */; };
/* End PBXBuildFile section */

/* Begin PBXFileReference section */
		3FAF68F41BE76B9E00FC35B3 /* JDGuide.app */ = {isa = PBXFileReference; explicitFileType = wrapper.application; includeInIndex = 0; path = JDGuide.app; sourceTree = BUILT_PRODUCTS_DIR; };
		3FAF68F81BE76B9E00FC35B3 /* main.m */ = {isa = PBXFileReference; lastKnownFileType = sourcecode.c.objc; path = main.m; sourceTree = "<group>"; };
		3FAF68FA1BE76B9E00FC35B3 /* AppDelegate.h */ = {isa = PBXFileReference; lastKnownFileType = sourcecode.c.h; path = AppDelegate.h; sourceTree = "<group>"; };
		3FAF68FB1BE76B9E00FC35B3 /* AppDelegate.m */ = {isa = PBXFileReference; lastKnownFileType = sourcecode.c.objc; path = AppDelegate.m; sourceTree = "<group>"; };
		3FAF69011BE76B9E00FC35B3 /* Base */ = {isa = PBXFileReference; lastKnownFileType = file.storyboard; name = Base; path = Base.lproj/Main.storyboard; sourceTree = "<group>"; };
		3FAF69031BE76B9E00FC35B3 /* Assets.xcassets */ = {isa = PBXFileReference; lastKnownFileType = folder.assetcatalog; path = Assets.xcassets; sourceTree = "<group>"; };
		3FAF69061BE76B9E00FC35B3 /* Base */ = {isa = PBXFileReference; lastKnownFileType = file.storyboard; name = Base; path = Base.lproj/LaunchScreen.storyboard; sourceTree = "<group>"; };
		3FAF69081BE76B9E00FC35B3 /* Info.plist */ = {isa = PBXFileReference; lastKnownFileType = text.plist.xml; path = Info.plist; sourceTree = "<group>"; };
		3FAF690E1BE76BC500FC35B3 /* RootViewController.h */ = {isa = PBXFileReference; fileEncoding = 4; lastKnownFileType = sourcecode.c.h; path = RootViewController.h; sourceTree = "<group>"; };
		3FAF690F1BE76BC500FC35B3 /* RootViewController.m */ = {isa = PBXFileReference; fileEncoding = 4; lastKnownFileType = sourcecode.c.objc; path = RootViewController.m; sourceTree = "<group>"; };
		3FAF69141BE7732300FC35B3 /* JDGuideView.h */ = {isa = PBXFileReference; fileEncoding = 4; lastKnownFileType = sourcecode.c.h; path = JDGuideView.h; sourceTree = "<group>"; };
		3FAF69151BE7732300FC35B3 /* JDGuideView.m */ = {isa = PBXFileReference; fileEncoding = 4; lastKnownFileType = sourcecode.c.objc; path = JDGuideView.m; sourceTree = "<group>"; };
		3FAF69171BE77DAF00FC35B3 /* navigationPic01.png */ = {isa = PBXFileReference; lastKnownFileType = image.png; path = navigationPic01.png; sourceTree = "<group>"; };
		3FAF69181BE77DAF00FC35B3 /* navigationPic02.png */ = {isa = PBXFileReference; lastKnownFileType = image.png; path = navigationPic02.png; sourceTree = "<group>"; };
		3FAF69191BE77DAF00FC35B3 /* navigationPic03.png */ = {isa = PBXFileReference; lastKnownFileType = image.png; path = navigationPic03.png; sourceTree = "<group>"; };
		3FAF691A1BE77DAF00FC35B3 /* navigationPic04.png */ = {isa = PBXFileReference; lastKnownFileType = image.png; path = navigationPic04.png; sourceTree = "<group>"; };
/* End PBXFileReference section */

/* Begin PBXFrameworksBuildPhase section */
		3FAF68F11BE76B9E00FC35B3 /* Frameworks */ = {
			isa = PBXFrameworksBuildPhase;
			buildActionMask = 2147483647;
			files = (
			);
			runOnlyForDeploymentPostprocessing = 0;
		};
/* End PBXFrameworksBuildPhase section */

/* Begin PBXGroup section */
		3FAF68EB1BE76B9E00FC35B3 = {
			isa = PBXGroup;
			children = (
				3FAF68F61BE76B9E00FC35B3 /* JDGuide */,
				3FAF68F51BE76B9E00FC35B3 /* Products */,
			);
			sourceTree = "<group>";
		};
		3FAF68F51BE76B9E00FC35B3 /* Products */ = {
			isa = PBXGroup;
			children = (
				3FAF68F41BE76B9E00FC35B3 /* JDGuide.app */,
			);
			name = Products;
			sourceTree = "<group>";
		};
		3FAF68F61BE76B9E00FC35B3 /* JDGuide */ = {
			isa = PBXGroup;
			children = (
				3FAF68FA1BE76B9E00FC35B3 /* AppDelegate.h */,
				3FAF68FB1BE76B9E00FC35B3 /* AppDelegate.m */,
				3FAF69141BE7732300FC35B3 /* JDGuideView.h */,
				3FAF69151BE7732300FC35B3 /* JDGuideView.m */,
				3FAF690E1BE76BC500FC35B3 /* RootViewController.h */,
				3FAF690F1BE76BC500FC35B3 /* RootViewController.m */,
				3FAF69171BE77DAF00FC35B3 /* navigationPic01.png */,
				3FAF69181BE77DAF00FC35B3 /* navigationPic02.png */,
				3FAF69191BE77DAF00FC35B3 /* navigationPic03.png */,
				3FAF691A1BE77DAF00FC35B3 /* navigationPic04.png */,
				3FAF69001BE76B9E00FC35B3 /* Main.storyboard */,
				3FAF69031BE76B9E00FC35B3 /* Assets.xcassets */,
				3FAF69051BE76B9E00FC35B3 /* LaunchScreen.storyboard */,
				3FAF69081BE76B9E00FC35B3 /* Info.plist */,
				3FAF68F71BE76B9E00FC35B3 /* Supporting Files */,
			);
			path = JDGuide;
			sourceTree = "<group>";
		};
		3FAF68F71BE76B9E00FC35B3 /* Supporting Files */ = {
			isa = PBXGroup;
			children = (
				3FAF68F81BE76B9E00FC35B3 /* main.m */,
			);
			name = "Supporting Files";
			sourceTree = "<group>";
		};
/* End PBXGroup section */

/* Begin PBXNativeTarget section */
		3FAF68F31BE76B9E00FC35B3 /* JDGuide */ = {
			isa = PBXNativeTarget;
			buildConfigurationList = 3FAF690B1BE76B9E00FC35B3 /* Build configuration list for PBXNativeTarget "JDGuide" */;
			buildPhases = (
				3FAF68F01BE76B9E00FC35B3 /* Sources */,
				3FAF68F11BE76B9E00FC35B3 /* Frameworks */,
				3FAF68F21BE76B9E00FC35B3 /* Resources */,
			);
			buildRules = (
			);
			dependencies = (
			);
			name = JDGuide;
			productName = JDGuide;
			productReference = 3FAF68F41BE76B9E00FC35B3 /* JDGuide.app */;
			productType = "com.apple.product-type.application";
		};
/* End PBXNativeTarget section */

/* Begin PBXProject section */
		3FAF68EC1BE76B9E00FC35B3 /* Project object */ = {
			isa = PBXProject;
			attributes = {
				LastUpgradeCheck = 0710;
				ORGANIZATIONNAME = youruncle;
				TargetAttributes = {
					3FAF68F31BE76B9E00FC35B3 = {
						CreatedOnToolsVersion = 7.1;
						DevelopmentTeam = 7354W4RJDB;
					};
				};
			};
			buildConfigurationList = 3FAF68EF1BE76B9E00FC35B3 /* Build configuration list for PBXProject "JDGuide" */;
			compatibilityVersion = "Xcode 3.2";
			developmentRegion = English;
			hasScannedForEncodings = 0;
			knownRegions = (
				en,
				Base,
			);
			mainGroup = 3FAF68EB1BE76B9E00FC35B3;
			productRefGroup = 3FAF68F51BE76B9E00FC35B3 /* Products */;
			projectDirPath = "";
			projectRoot = "";
			targets = (
				3FAF68F31BE76B9E00FC35B3 /* JDGuide */,
			);
		};
/* End PBXProject section */

/* Begin PBXResourcesBuildPhase section */
		3FAF68F21BE76B9E00FC35B3 /* Resources */ = {
			isa = PBXResourcesBuildPhase;
			buildActionMask = 2147483647;
			files = (
				3FAF69071BE76B9E00FC35B3 /* LaunchScreen.storyboard in Resources */,
				3FAF69041BE76B9E00FC35B3 /* Assets.xcassets in Resources */,
				3FAF691C1BE77DAF00FC35B3 /* navigationPic02.png in Resources */,
				3FAF691E1BE77DAF00FC35B3 /* navigationPic04.png in Resources */,
				3FAF691D1BE77DAF00FC35B3 /* navigationPic03.png in Resources */,
				3FAF69021BE76B9E00FC35B3 /* Main.storyboard in Resources */,
				3FAF691B1BE77DAF00FC35B3 /* navigationPic01.png in Resources */,
			);
			runOnlyForDeploymentPostprocessing = 0;
		};
/* End PBXResourcesBuildPhase section */

/* Begin PBXSourcesBuildPhase section */
		3FAF68F01BE76B9E00FC35B3 /* Sources */ = {
			isa = PBXSourcesBuildPhase;
			buildActionMask = 2147483647;
			files = (
				3FAF68FC1BE76B9E00FC35B3 /* AppDelegate.m in Sources */,
				3FAF69101BE76BC500FC35B3 /* RootViewController.m in Sources */,
				3FAF68F91BE76B9E00FC35B3 /* main.m in Sources */,
				3FAF69161BE7732300FC35B3 /* JDGuideView.m in Sources */,
			);
			runOnlyForDeploymentPostprocessing = 0;
		};
/* End PBXSourcesBuildPhase section */

/* Begin PBXVariantGroup section */
		3FAF69001BE76B9E00FC35B3 /* Main.storyboard */ = {
			isa = PBXVariantGroup;
			children = (
				3FAF69011BE76B9E00FC35B3 /* Base */,
			);
			name = Main.storyboard;
			sourceTree = "<group>";
		};
		3FAF69051BE76B9E00FC35B3 /* LaunchScreen.storyboard */ = {
			isa = PBXVariantGroup;
			children = (
				3FAF69061BE76B9E00FC35B3 /* Base */,
			);
			name = LaunchScreen.storyboard;
			sourceTree = "<group>";
		};
/* End PBXVariantGroup section */

/* Begin XCBuildConfiguration section */
		3FAF69091BE76B9E00FC35B3 /* Debug */ = {
			isa = XCBuildConfiguration;
			buildSettings = {
				ALWAYS_SEARCH_USER_PATHS = NO;
				CLANG_CXX_LANGUAGE_STANDARD = "gnu++0x";
				CLANG_CXX_LIBRARY = "libc++";
				CLANG_ENABLE_MODULES = YES;
				CLANG_ENABLE_OBJC_ARC = YES;
				CLANG_WARN_BOOL_CONVERSION = YES;
				CLANG_WARN_CONSTANT_CONVERSION = YES;
				CLANG_WARN_DIRECT_OBJC_ISA_USAGE = YES_ERROR;
				CLANG_WARN_EMPTY_BODY = YES;
				CLANG_WARN_ENUM_CONVERSION = YES;
				CLANG_WARN_INT_CONVERSION = YES;
				CLANG_WARN_OBJC_ROOT_CLASS = YES_ERROR;
				CLANG_WARN_UNREACHABLE_CODE = YES;
				CLANG_WARN__DUPLICATE_METHOD_MATCH = YES;
				"CODE_SIGN_IDENTITY[sdk=iphoneos*]" = "iPhone Developer";
				COPY_PHASE_STRIP = NO;
				DEBUG_INFORMATION_FORMAT = dwarf;
				ENABLE_STRICT_OBJC_MSGSEND = YES;
				ENABLE_TESTABILITY = YES;
				GCC_C_LANGUAGE_STANDARD = gnu99;
				GCC_DYNAMIC_NO_PIC = NO;
				GCC_NO_COMMON_BLOCKS = YES;
				GCC_OPTIMIZATION_LEVEL = 0;
				GCC_PREPROCESSOR_DEFINITIONS = (
					"DEBUG=1",
					"$(inherited)",
				);
				GCC_WARN_64_TO_32_BIT_CONVERSION = YES;
				GCC_WARN_ABOUT_RETURN_TYPE = YES_ERROR;
				GCC_WARN_UNDECLARED_SELECTOR = YES;
				GCC_WARN_UNINITIALIZED_AUTOS = YES_AGGRESSIVE;
				GCC_WARN_UNUSED_FUNCTION = YES;
				GCC_WARN_UNUSED_VARIABLE = YES;
				IPHONEOS_DEPLOYMENT_TARGET = 8.4;
				MTL_ENABLE_DEBUG_INFO = YES;
				ONLY_ACTIVE_ARCH = YES;
				SDKROOT = iphoneos;
				TARGETED_DEVICE_FAMILY = "1,2";
			};
			name = Debug;
		};
		3FAF690A1BE76B9E00FC35B3 /* Release */ = {
			isa = XCBuildConfiguration;
			buildSettings = {
				ALWAYS_SEARCH_USER_PATHS = NO;
				CLANG_CXX_LANGUAGE_STANDARD = "gnu++0x";
				CLANG_CXX_LIBRARY = "libc++";
				CLANG_ENABLE_MODULES = YES;
				CLANG_ENABLE_OBJC_ARC = YES;
				CLANG_WARN_BOOL_CONVERSION = YES;
				CLANG_WARN_CONSTANT_CONVERSION = YES;
				CLANG_WARN_DIRECT_OBJC_ISA_USAGE = YES_ERROR;
				CLANG_WARN_EMPTY_BODY = YES;
				CLANG_WARN_ENUM_CONVERSION = YES;
				CLANG_WARN_INT_CONVERSION = YES;
				CLANG_WARN_OBJC_ROOT_CLASS = YES_ERROR;
				CLANG_WARN_UNREACHABLE_CODE = YES;
				CLANG_WARN__DUPLICATE_METHOD_MATCH = YES;
				"CODE_SIGN_IDENTITY[sdk=iphoneos*]" = "iPhone Developer";
				COPY_PHASE_STRIP = NO;
				DEBUG_INFORMATION_FORMAT = "dwarf-with-dsym";
				ENABLE_NS_ASSERTIONS = NO;
				ENABLE_STRICT_OBJC_MSGSEND = YES;
				GCC_C_LANGUAGE_STANDARD = gnu99;
				GCC_NO_COMMON_BLOCKS = YES;
				GCC_WARN_64_TO_32_BIT_CONVERSION = YES;
				GCC_WARN_ABOUT_RETURN_TYPE = YES_ERROR;
				GCC_WARN_UNDECLARED_SELECTOR = YES;
				GCC_WARN_UNINITIALIZED_AUTOS = YES_AGGRESSIVE;
				GCC_WARN_UNUSED_FUNCTION = YES;
				GCC_WARN_UNUSED_VARIABLE = YES;
				IPHONEOS_DEPLOYMENT_TARGET = 8.4;
				MTL_ENABLE_DEBUG_INFO = NO;
				SDKROOT = iphoneos;
				TARGETED_DEVICE_FAMILY = "1,2";
				VALIDATE_PRODUCT = YES;
			};
			name = Release;
		};
		3FAF690C1BE76B9E00FC35B3 /* Debug */ = {
			isa = XCBuildConfiguration;
			buildSettings = {
				ASSETCATALOG_COMPILER_APPICON_NAME = AppIcon;
				CODE_SIGN_IDENTITY = "iPhone Developer";
				INFOPLIST_FILE = JDGuide/Info.plist;
				IPHONEOS_DEPLOYMENT_TARGET = 8.4;
				LD_RUNPATH_SEARCH_PATHS = "$(inherited) @executable_path/Frameworks";
				PRODUCT_BUNDLE_IDENTIFIER = lanou.JDGuide;
				PRODUCT_NAME = "$(TARGET_NAME)";
			};
			name = Debug;
		};
		3FAF690D1BE76B9E00FC35B3 /* Release */ = {
			isa = XCBuildConfiguration;
			buildSettings = {
				ASSETCATALOG_COMPILER_APPICON_NAME = AppIcon;
				CODE_SIGN_IDENTITY = "iPhone Developer";
				INFOPLIST_FILE = JDGuide/Info.plist;
				IPHONEOS_DEPLOYMENT_TARGET = 8.4;
				LD_RUNPATH_SEARCH_PATHS = "$(inherited) @executable_path/Frameworks";
				PRODUCT_BUNDLE_IDENTIFIER = lanou.JDGuide;
				PRODUCT_NAME = "$(TARGET_NAME)";
			};
			name = Release;
		};
/* End XCBuildConfiguration section */

/* Begin XCConfigurationList section */
		3FAF68EF1BE76B9E00FC35B3 /* Build configuration list for PBXProject "JDGuide" */ = {
			isa = XCConfigurationList;
			buildConfigurations = (
				3FAF69091BE76B9E00FC35B3 /* Debug */,
				3FAF690A1BE76B9E00FC35B3 /* Release */,
			);
			defaultConfigurationIsVisible = 0;
			defaultConfigurationName = Release;
		};
		3FAF690B1BE76B9E00FC35B3 /* Build configuration list for PBXNativeTarget "JDGuide" */ = {
			isa = XCConfigurationList;
			buildConfigurations = (
				3FAF690C1BE76B9E00FC35B3 /* Debug */,
				3FAF690D1BE76B9E00FC35B3 /* Release */,
			);
			defaultConfigurationIsVisible = 0;
			defaultConfigurationName = Release;
		};
/* End XCConfigurationList section */
	};
	rootObject = 3FAF68EC1BE76B9E00FC35B3 /* Project object */;
}
